
Microsoft Visual Studio Solution File, Format Version 12.00
# Visual Studio Version 17
VisualStudioVersion = 17.3.32929.385
MinimumVisualStudioVersion = 10.0.40219.1
Project("{9A19103F-16F7-4668-BE54-9A1E7A4F7556}") = "AdventOfCode", "AdventOfCode.csproj", "{1ECF28F9-96BA-4C07-A0DB-80E863D61D7F}"
EndProject
Project("{FAE04EC0-301F-11D3-BF4B-00C04F79EFBC}") = "AdventOfCode2021", "AdventOfCode2021\AdventOfCode2021.csproj", "{98F6DCD4-D5C4-4F35-B988-30D9DB21D209}"
EndProject
Global
	GlobalSection(SolutionConfigurationPlatforms) = preSolution
		Debug|Any CPU = Debug|Any CPU
		Release|Any CPU = Release|Any CPU
	EndGlobalSection
	GlobalSection(ProjectConfigurationPlatforms) = postSolution
		{1ECF28F9-96BA-4C07-A0DB-80E863D61D7F}.Debug|Any CPU.ActiveCfg = Debug|Any CPU
		{1ECF28F9-96BA-4C07-A0DB-80E863D61D7F}.Debug|Any CPU.Build.0 = Debug|Any CPU
		{1ECF28F9-96BA-4C07-A0DB-80E863D61D7F}.Release|Any CPU.ActiveCfg = Release|Any CPU
		{1ECF28F9-96BA-4C07-A0DB-80E863D61D7F}.Release|Any CPU.Build.0 = Release|Any CPU
		{98F6DCD4-D5C4-4F35-B988-30D9DB21D209}.Debug|Any CPU.ActiveCfg = Debug|Any CPU
		{98F6DCD4-D5C4-4F35-B988-30D9DB21D209}.Debug|Any CPU.Build.0 = Debug|Any CPU
		{98F6DCD4-D5C4-4F35-B988-30D9DB21D209}.Release|Any CPU.ActiveCfg = Release|Any CPU
		{98F6DCD4-D5C4-4F35-B988-30D9DB21D209}.Release|Any CPU.Build.0 = Release|Any CPU
	EndGlobalSection
	GlobalSection(SolutionProperties) = preSolution
		HideSolutionNode = FALSE
	EndGlobalSection
	GlobalSection(ExtensibilityGlobals) = postSolution
		SolutionGuid = {FE9F0DE3-0514-4F45-A63A-2EAE1B0F0A8B}
	EndGlobalSection
EndGlobal
